PODS:
  - barcode_scan2 (0.0.1):
    - Flutter
    - MTBBarcodeScanner
    - SwiftProtobuf
  - connectivity_plus (0.0.1):
    - Flutter
  - Flutter (1.0.0)
  - flutter_aes_ecb_pkcs5 (0.0.1):
    - Flutter
  - flutter_inappwebview_ios (0.0.1):
    - Flutter
    - flutter_inappwebview_ios/Core (= 0.0.1)
    - OrderedSet (~> 6.0.3)
  - flutter_inappwebview_ios/Core (0.0.1):
    - Flutter
    - OrderedSet (~> 6.0.3)
  - flutter_secure_storage (6.0.0):
    - Flutter
  - image_cropper (0.0.4):
    - Flutter
    - TOCropViewController (~> 2.7.4)
  - image_picker_ios (0.0.1):
    - Flutter
  - integration_test (0.0.1):
    - Flutter
  - MTBBarcodeScanner (5.0.11)
  - OrderedSet (6.0.3)
  - package_info_plus (0.4.5):
    - Flutter
  - path_provider_foundation (0.0.1):
    - Flutter
    - FlutterMacOS
  - permission_handler_apple (9.3.0):
    - Flutter
  - printing (1.0.0):
    - Flutter
  - screen_brightness_ios (0.1.0):
    - Flutter
  - Sentry/HybridSDK (8.46.0)
  - sentry_flutter (8.14.0):
    - Flutter
    - FlutterMacOS
    - Sentry/HybridSDK (= 8.46.0)
  - shared_preferences_foundation (0.0.1):
    - Flutter
    - FlutterMacOS
  - SwiftProtobuf (1.29.0)
  - TOCropViewController (2.7.4)
  - url_launcher_ios (0.0.1):
    - Flutter
  - webview_flutter_wkwebview (0.0.1):
    - Flutter
    - FlutterMacOS

DEPENDENCIES:
  - barcode_scan2 (from `.symlinks/plugins/barcode_scan2/ios`)
  - connectivity_plus (from `.symlinks/plugins/connectivity_plus/ios`)
  - Flutter (from `Flutter`)
  - flutter_aes_ecb_pkcs5 (from `.symlinks/plugins/flutter_aes_ecb_pkcs5/ios`)
  - flutter_inappwebview_ios (from `.symlinks/plugins/flutter_inappwebview_ios/ios`)
  - flutter_secure_storage (from `.symlinks/plugins/flutter_secure_storage/ios`)
  - image_cropper (from `.symlinks/plugins/image_cropper/ios`)
  - image_picker_ios (from `.symlinks/plugins/image_picker_ios/ios`)
  - integration_test (from `.symlinks/plugins/integration_test/ios`)
  - package_info_plus (from `.symlinks/plugins/package_info_plus/ios`)
  - path_provider_foundation (from `.symlinks/plugins/path_provider_foundation/darwin`)
  - permission_handler_apple (from `.symlinks/plugins/permission_handler_apple/ios`)
  - printing (from `.symlinks/plugins/printing/ios`)
  - screen_brightness_ios (from `.symlinks/plugins/screen_brightness_ios/ios`)
  - sentry_flutter (from `.symlinks/plugins/sentry_flutter/ios`)
  - shared_preferences_foundation (from `.symlinks/plugins/shared_preferences_foundation/darwin`)
  - url_launcher_ios (from `.symlinks/plugins/url_launcher_ios/ios`)
  - webview_flutter_wkwebview (from `.symlinks/plugins/webview_flutter_wkwebview/darwin`)

SPEC REPOS:
  trunk:
    - MTBBarcodeScanner
    - OrderedSet
    - Sentry
    - SwiftProtobuf
    - TOCropViewController

EXTERNAL SOURCES:
  barcode_scan2:
    :path: ".symlinks/plugins/barcode_scan2/ios"
  connectivity_plus:
    :path: ".symlinks/plugins/connectivity_plus/ios"
  Flutter:
    :path: Flutter
  flutter_aes_ecb_pkcs5:
    :path: ".symlinks/plugins/flutter_aes_ecb_pkcs5/ios"
  flutter_inappwebview_ios:
    :path: ".symlinks/plugins/flutter_inappwebview_ios/ios"
  flutter_secure_storage:
    :path: ".symlinks/plugins/flutter_secure_storage/ios"
  image_cropper:
    :path: ".symlinks/plugins/image_cropper/ios"
  image_picker_ios:
    :path: ".symlinks/plugins/image_picker_ios/ios"
  integration_test:
    :path: ".symlinks/plugins/integration_test/ios"
  package_info_plus:
    :path: ".symlinks/plugins/package_info_plus/ios"
  path_provider_foundation:
    :path: ".symlinks/plugins/path_provider_foundation/darwin"
  permission_handler_apple:
    :path: ".symlinks/plugins/permission_handler_apple/ios"
  printing:
    :path: ".symlinks/plugins/printing/ios"
  screen_brightness_ios:
    :path: ".symlinks/plugins/screen_brightness_ios/ios"
  sentry_flutter:
    :path: ".symlinks/plugins/sentry_flutter/ios"
  shared_preferences_foundation:
    :path: ".symlinks/plugins/shared_preferences_foundation/darwin"
  url_launcher_ios:
    :path: ".symlinks/plugins/url_launcher_ios/ios"
  webview_flutter_wkwebview:
    :path: ".symlinks/plugins/webview_flutter_wkwebview/darwin"

SPEC CHECKSUMS:
  barcode_scan2: f80517f040989095c9b5067be77649bf6114442c
  connectivity_plus: cb623214f4e1f6ef8fe7403d580fdad517d2f7dd
  Flutter: e0871f40cf51350855a761d2e70bf5af5b9b5de7
  flutter_aes_ecb_pkcs5: 6e48b8819672f82ffe2cf7df9ce6e21f8ca79b64
  flutter_inappwebview_ios: b89ba3482b96fb25e00c967aae065701b66e9b99
  flutter_secure_storage: 1ed9476fba7e7a782b22888f956cce43e2c62f13
  image_cropper: c4326ea50132b1e1564499e5d32a84f01fb03537
  image_picker_ios: 7fe1ff8e34c1790d6fff70a32484959f563a928a
  integration_test: 4a889634ef21a45d28d50d622cf412dc6d9f586e
  MTBBarcodeScanner: f453b33c4b7dfe545d8c6484ed744d55671788cb
  OrderedSet: e539b66b644ff081c73a262d24ad552a69be3a94
  package_info_plus: af8e2ca6888548050f16fa2f1938db7b5a5df499
  path_provider_foundation: 080d55be775b7414fd5a5ef3ac137b97b097e564
  permission_handler_apple: 4ed2196e43d0651e8ff7ca3483a069d469701f2d
  printing: 54ff03f28fe9ba3aa93358afb80a8595a071dd07
  screen_brightness_ios: 28c5fbdb40634de44f86025d84470158ad4df48c
  Sentry: da60d980b197a46db0b35ea12cb8f39af48d8854
  sentry_flutter: 44fca75bb5ef672c9aa43e0415ed89579c040795
  shared_preferences_foundation: 9e1978ff2562383bd5676f64ec4e9aa8fa06a6f7
  SwiftProtobuf: b7aa08087e2ab6d162862d143020091254095f69
  TOCropViewController: 80b8985ad794298fb69d3341de183f33d1853654
  url_launcher_ios: 694010445543906933d732453a59da0a173ae33d
  webview_flutter_wkwebview: 1821ceac936eba6f7984d89a9f3bcb4dea99ebb2

PODFILE CHECKSUM: 6aca02b47db3cea1641c9fdd1ab8fb9fabfa5b8d

COCOAPODS: 1.16.2
